// !$*UTF8*$!
{
	archiveVersion = 1;
	classes = {
	};
	objectVersion = 48;
	objects = {

/* Begin PBXBuildFile section */
		0D78826484D4A62A908426B1 /* Pods_my_app.framework in Frameworks */ = {isa = PBXBuildFile; fileRef = A439659EBBF15AD0E074D84D /* Pods_my_app.framework */; };
		66D263DA2062A822000648A2 /* AppDelegate.swift in Sources */ = {isa = PBXBuildFile; fileRef = 66D263D92062A822000648A2 /* AppDelegate.swift */; };
		66D263DC2062A822000648A2 /* ViewController.swift in Sources */ = {isa = PBXBuildFile; fileRef = 66D263DB2062A822000648A2 /* ViewController.swift */; };
		66D263DF2062A822000648A2 /* Main.storyboard in Resources */ = {isa = PBXBuildFile; fileRef = 66D263DD2062A822000648A2 /* Main.storyboard */; };
		66D263E12062A822000648A2 /* Assets.xcassets in Resources */ = {isa = PBXBuildFile; fileRef = 66D263E02062A822000648A2 /* Assets.xcassets */; };
		66D263E42062A822000648A2 /* LaunchScreen.storyboard in Resources */ = {isa = PBXBuildFile; fileRef = 66D263E22062A822000648A2 /* LaunchScreen.storyboard */; };
		66D263EF2062A822000648A2 /* my_appTests.swift in Sources */ = {isa = PBXBuildFile; fileRef = 66D263EE2062A822000648A2 /* my_appTests.swift */; };
		66D263FA2062A822000648A2 /* my_appUITests.swift in Sources */ = {isa = PBXBuildFile; fileRef = 66D263F92062A822000648A2 /* my_appUITests.swift */; };
		987CAE29C537479F7CE7154F /* Pods_my_appTests.framework in Frameworks */ = {isa = PBXBuildFile; fileRef = 95658DBA3EBE6B54C34ECF2C /* Pods_my_appTests.framework */; };
		F917175A1370BB2E732F0EB2 /* Pods_my_appUITests.framework in Frameworks */ = {isa = PBXBuildFile; fileRef = 5A050CE38715C101BC23FBF5 /* Pods_my_appUITests.framework */; };
/* End PBXBuildFile section */

/* Begin PBXContainerItemProxy section */
		66D263EB2062A822000648A2 /* PBXContainerItemProxy */ = {
			isa = PBXContainerItemProxy;
			containerPortal = 66D263CE2062A822000648A2 /* Project object */;
			proxyType = 1;
			remoteGlobalIDString = 66D263D52062A822000648A2;
			remoteInfo = "my-app";
		};
		66D263F62062A822000648A2 /* PBXContainerItemProxy */ = {
			isa = PBXContainerItemProxy;
			containerPortal = 66D263CE2062A822000648A2 /* Project object */;
			proxyType = 1;
			remoteGlobalIDString = 66D263D52062A822000648A2;
			remoteInfo = "my-app";
		};
/* End PBXContainerItemProxy section */

/* Begin PBXFileReference section */
		1C6CD2851E59F3A8F4768AE8 /* Pods-my-app.release.xcconfig */ = {isa = PBXFileReference; includeInIndex = 1; lastKnownFileType = text.xcconfig; name = "Pods-my-app.release.xcconfig"; path = "Pods/Target Support Files/Pods-my-app/Pods-my-app.release.xcconfig"; sourceTree = "<group>"; };
		392174BA468B6638F73E3EF2 /* Pods-my-appUITests.release.xcconfig */ = {isa = PBXFileReference; includeInIndex = 1; lastKnownFileType = text.xcconfig; name = "Pods-my-appUITests.release.xcconfig"; path = "Pods/Target Support Files/Pods-my-appUITests/Pods-my-appUITests.release.xcconfig"; sourceTree = "<group>"; };
		5A050CE38715C101BC23FBF5 /* Pods_my_appUITests.framework */ = {isa = PBXFileReference; explicitFileType = wrapper.framework; includeInIndex = 0; path = Pods_my_appUITests.framework; sourceTree = BUILT_PRODUCTS_DIR; };
		631FE1C1D7A11E9ADD30393C /* Pods-my-app.debug.xcconfig */ = {isa = PBXFileReference; includeInIndex = 1; lastKnownFileType = text.xcconfig; name = "Pods-my-app.debug.xcconfig"; path = "Pods/Target Support Files/Pods-my-app/Pods-my-app.debug.xcconfig"; sourceTree = "<group>"; };
		66D263D62062A822000648A2 /* my-app.app */ = {isa = PBXFileReference; explicitFileType = wrapper.application; includeInIndex = 0; path = "my-app.app"; sourceTree = BUILT_PRODUCTS_DIR; };
		66D263D92062A822000648A2 /* AppDelegate.swift */ = {isa = PBXFileReference; lastKnownFileType = sourcecode.swift; path = AppDelegate.swift; sourceTree = "<group>"; };
		66D263DB2062A822000648A2 /* ViewController.swift */ = {isa = PBXFileReference; lastKnownFileType = sourcecode.swift; path = ViewController.swift; sourceTree = "<group>"; };
		66D263DE2062A822000648A2 /* Base */ = {isa = PBXFileReference; lastKnownFileType = file.storyboard; name = Base; path = Base.lproj/Main.storyboard; sourceTree = "<group>"; };
		66D263E02062A822000648A2 /* Assets.xcassets */ = {isa = PBXFileReference; lastKnownFileType = folder.assetcatalog; path = Assets.xcassets; sourceTree = "<group>"; };
		66D263E32062A822000648A2 /* Base */ = {isa = PBXFileReference; lastKnownFileType = file.storyboard; name = Base; path = Base.lproj/LaunchScreen.storyboard; sourceTree = "<group>"; };
		66D263E52062A822000648A2 /* Info.plist */ = {isa = PBXFileReference; lastKnownFileType = text.plist.xml; path = Info.plist; sourceTree = "<group>"; };
		66D263EA2062A822000648A2 /* my-appTests.xctest */ = {isa = PBXFileReference; explicitFileType = wrapper.cfbundle; includeInIndex = 0; path = "my-appTests.xctest"; sourceTree = BUILT_PRODUCTS_DIR; };
		66D263EE2062A822000648A2 /* my_appTests.swift */ = {isa = PBXFileReference; lastKnownFileType = sourcecode.swift; path = my_appTests.swift; sourceTree = "<group>"; };
		66D263F02062A822000648A2 /* Info.plist */ = {isa = PBXFileReference; lastKnownFileType = text.plist.xml; path = Info.plist; sourceTree = "<group>"; };
		66D263F52062A822000648A2 /* my-appUITests.xctest */ = {isa = PBXFileReference; explicitFileType = wrapper.cfbundle; includeInIndex = 0; path = "my-appUITests.xctest"; sourceTree = BUILT_PRODUCTS_DIR; };
		66D263F92062A822000648A2 /* my_appUITests.swift */ = {isa = PBXFileReference; lastKnownFileType = sourcecode.swift; path = my_appUITests.swift; sourceTree = "<group>"; };
		66D263FB2062A822000648A2 /* Info.plist */ = {isa = PBXFileReference; lastKnownFileType = text.plist.xml; path = Info.plist; sourceTree = "<group>"; };
		95658DBA3EBE6B54C34ECF2C /* Pods_my_appTests.framework */ = {isa = PBXFileReference; explicitFileType = wrapper.framework; includeInIndex = 0; path = Pods_my_appTests.framework; sourceTree = BUILT_PRODUCTS_DIR; };
		A1A17CF78C07F32B72A2E029 /* Pods-my-appTests.release.xcconfig */ = {isa = PBXFileReference; includeInIndex = 1; lastKnownFileType = text.xcconfig; name = "Pods-my-appTests.release.xcconfig"; path = "Pods/Target Support Files/Pods-my-appTests/Pods-my-appTests.release.xcconfig"; sourceTree = "<group>"; };
		A439659EBBF15AD0E074D84D /* Pods_my_app.framework */ = {isa = PBXFileReference; explicitFileType = wrapper.framework; includeInIndex = 0; path = Pods_my_app.framework; sourceTree = BUILT_PRODUCTS_DIR; };
		D17575D131BE61547218196C /* Pods-my-appUITests.debug.xcconfig */ = {isa = PBXFileReference; includeInIndex = 1; lastKnownFileType = text.xcconfig; name = "Pods-my-appUITests.debug.xcconfig"; path = "Pods/Target Support Files/Pods-my-appUITests/Pods-my-appUITests.debug.xcconfig"; sourceTree = "<group>"; };
		E2F551FDE5B3BEC11EFD11E0 /* Pods-my-appTests.debug.xcconfig */ = {isa = PBXFileReference; includeInIndex = 1; lastKnownFileType = text.xcconfig; name = "Pods-my-appTests.debug.xcconfig"; path = "Pods/Target Support Files/Pods-my-appTests/Pods-my-appTests.debug.xcconfig"; sourceTree = "<group>"; };
/* End PBXFileReference section */

/* Begin PBXFrameworksBuildPhase section */
		66D263D32062A822000648A2 /* Frameworks */ = {
			isa = PBXFrameworksBuildPhase;
			buildActionMask = 2147483647;
			files = (
				0D78826484D4A62A908426B1 /* Pods_my_app.framework in Frameworks */,
			);
			runOnlyForDeploymentPostprocessing = 0;
		};
		66D263E72062A822000648A2 /* Frameworks */ = {
			isa = PBXFrameworksBuildPhase;
			buildActionMask = 2147483647;
			files = (
				987CAE29C537479F7CE7154F /* Pods_my_appTests.framework in Frameworks */,
			);
			runOnlyForDeploymentPostprocessing = 0;
		};
		66D263F22062A822000648A2 /* Frameworks */ = {
			isa = PBXFrameworksBuildPhase;
			buildActionMask = 2147483647;
			files = (
				F917175A1370BB2E732F0EB2 /* Pods_my_appUITests.framework in Frameworks */,
			);
			runOnlyForDeploymentPostprocessing = 0;
		};
/* End PBXFrameworksBuildPhase section */

/* Begin PBXGroup section */
		63B16DAEBD70186C9127180A /* Frameworks */ = {
			isa = PBXGroup;
			children = (
				A439659EBBF15AD0E074D84D /* Pods_my_app.framework */,
				95658DBA3EBE6B54C34ECF2C /* Pods_my_appTests.framework */,
				5A050CE38715C101BC23FBF5 /* Pods_my_appUITests.framework */,
			);
			name = Frameworks;
			sourceTree = "<group>";
		};
		66D263CD2062A822000648A2 = {
			isa = PBXGroup;
			children = (
				66D263D82062A822000648A2 /* my-app */,
				66D263ED2062A822000648A2 /* my-appTests */,
				66D263F82062A822000648A2 /* my-appUITests */,
				66D263D72062A822000648A2 /* Products */,
				780EFBE76153AEC5824320FF /* Pods */,
				63B16DAEBD70186C9127180A /* Frameworks */,
			);
			sourceTree = "<group>";
		};
		66D263D72062A822000648A2 /* Products */ = {
			isa = PBXGroup;
			children = (
				66D263D62062A822000648A2 /* my-app.app */,
				66D263EA2062A822000648A2 /* my-appTests.xctest */,
				66D263F52062A822000648A2 /* my-appUITests.xctest */,
			);
			name = Products;
			sourceTree = "<group>";
		};
		66D263D82062A822000648A2 /* my-app */ = {
			isa = PBXGroup;
			children = (
				66D263D92062A822000648A2 /* AppDelegate.swift */,
				66D263DB2062A822000648A2 /* ViewController.swift */,
				66D263DD2062A822000648A2 /* Main.storyboard */,
				66D263E02062A822000648A2 /* Assets.xcassets */,
				66D263E22062A822000648A2 /* LaunchScreen.storyboard */,
				66D263E52062A822000648A2 /* Info.plist */,
			);
			path = "my-app";
			sourceTree = "<group>";
		};
		66D263ED2062A822000648A2 /* my-appTests */ = {
			isa = PBXGroup;
			children = (
				66D263EE2062A822000648A2 /* my_appTests.swift */,
				66D263F02062A822000648A2 /* Info.plist */,
			);
			path = "my-appTests";
			sourceTree = "<group>";
		};
		66D263F82062A822000648A2 /* my-appUITests */ = {
			isa = PBXGroup;
			children = (
				66D263F92062A822000648A2 /* my_appUITests.swift */,
				66D263FB2062A822000648A2 /* Info.plist */,
			);
			path = "my-appUITests";
			sourceTree = "<group>";
		};
		780EFBE76153AEC5824320FF /* Pods */ = {
			isa = PBXGroup;
			children = (
				631FE1C1D7A11E9ADD30393C /* Pods-my-app.debug.xcconfig */,
				1C6CD2851E59F3A8F4768AE8 /* Pods-my-app.release.xcconfig */,
				E2F551FDE5B3BEC11EFD11E0 /* Pods-my-appTests.debug.xcconfig */,
				A1A17CF78C07F32B72A2E029 /* Pods-my-appTests.release.xcconfig */,
				D17575D131BE61547218196C /* Pods-my-appUITests.debug.xcconfig */,
				392174BA468B6638F73E3EF2 /* Pods-my-appUITests.release.xcconfig */,
			);
			name = Pods;
			sourceTree = "<group>";
		};
/* End PBXGroup section */

/* Begin PBXNativeTarget section */
		66D263D52062A822000648A2 /* my-app */ = {
			isa = PBXNativeTarget;
			buildConfigurationList = 66D263FE2062A822000648A2 /* Build configuration list for PBXNativeTarget "my-app" */;
			buildPhases = (
				300E40D46F3313BF559273AB /* [CP] Check Pods Manifest.lock */,
				66D263D22062A822000648A2 /* Sources */,
				66D263D32062A822000648A2 /* Frameworks */,
				66D263D42062A822000648A2 /* Resources */,
				E344F4BBF10FEF133C9E8675 /* [CP] Embed Pods Frameworks */,
				28D5B1E30CFE7AE44AA77CCB /* [CP] Copy Pods Resources */,
			);
			buildRules = (
			);
			dependencies = (
			);
			name = "my-app";
			productName = "my-app";
			productReference = 66D263D62062A822000648A2 /* my-app.app */;
			productType = "com.apple.product-type.application";
		};
		66D263E92062A822000648A2 /* my-appTests */ = {
			isa = PBXNativeTarget;
			buildConfigurationList = 66D264012062A822000648A2 /* Build configuration list for PBXNativeTarget "my-appTests" */;
			buildPhases = (
				1B578EE4EE9E4C25FC1B0FBA /* [CP] Check Pods Manifest.lock */,
				66D263E62062A822000648A2 /* Sources */,
				66D263E72062A822000648A2 /* Frameworks */,
				66D263E82062A822000648A2 /* Resources */,
				0C66492C432DEDCF220D1468 /* [CP] Embed Pods Frameworks */,
				DE6E3B2DEB85CB71D7B8B9D9 /* [CP] Copy Pods Resources */,
			);
			buildRules = (
			);
			dependencies = (
				66D263EC2062A822000648A2 /* PBXTargetDependency */,
			);
			name = "my-appTests";
			productName = "my-appTests";
			productReference = 66D263EA2062A822000648A2 /* my-appTests.xctest */;
			productType = "com.apple.product-type.bundle.unit-test";
		};
		66D263F42062A822000648A2 /* my-appUITests */ = {
			isa = PBXNativeTarget;
			buildConfigurationList = 66D264042062A822000648A2 /* Build configuration list for PBXNativeTarget "my-appUITests" */;
			buildPhases = (
				A4D8DFBD04C64424A8468092 /* [CP] Check Pods Manifest.lock */,
				66D263F12062A822000648A2 /* Sources */,
				66D263F22062A822000648A2 /* Frameworks */,
				66D263F32062A822000648A2 /* Resources */,
				70EEBEA64F04A75754086365 /* [CP] Embed Pods Frameworks */,
				2B49414E4434BA4985639088 /* [CP] Copy Pods Resources */,
			);
			buildRules = (
			);
			dependencies = (
				66D263F72062A822000648A2 /* PBXTargetDependency */,
			);
			name = "my-appUITests";
			productName = "my-appUITests";
			productReference = 66D263F52062A822000648A2 /* my-appUITests.xctest */;
			productType = "com.apple.product-type.bundle.ui-testing";
		};
/* End PBXNativeTarget section */

/* Begin PBXProject section */
		66D263CE2062A822000648A2 /* Project object */ = {
			isa = PBXProject;
			attributes = {
				LastSwiftUpdateCheck = 0920;
				LastUpgradeCheck = 0920;
				ORGANIZATIONNAME = Adam;
				TargetAttributes = {
					66D263D52062A822000648A2 = {
						CreatedOnToolsVersion = 9.2;
						ProvisioningStyle = Automatic;
					};
					66D263E92062A822000648A2 = {
						CreatedOnToolsVersion = 9.2;
						ProvisioningStyle = Automatic;
						TestTargetID = 66D263D52062A822000648A2;
					};
					66D263F42062A822000648A2 = {
						CreatedOnToolsVersion = 9.2;
						ProvisioningStyle = Automatic;
						TestTargetID = 66D263D52062A822000648A2;
					};
				};
			};
			buildConfigurationList = 66D263D12062A822000648A2 /* Build configuration list for PBXProject "my-app" */;
			compatibilityVersion = "Xcode 8.0";
			developmentRegion = en;
			hasScannedForEncodings = 0;
			knownRegions = (
				en,
				Base,
			);
			mainGroup = 66D263CD2062A822000648A2;
			productRefGroup = 66D263D72062A822000648A2 /* Products */;
			projectDirPath = "";
			projectRoot = "";
			targets = (
				66D263D52062A822000648A2 /* my-app */,
				66D263E92062A822000648A2 /* my-appTests */,
				66D263F42062A822000648A2 /* my-appUITests */,
			);
		};
/* End PBXProject section */

/* Begin PBXResourcesBuildPhase section */
		66D263D42062A822000648A2 /* Resources */ = {
			isa = PBXResourcesBuildPhase;
			buildActionMask = 2147483647;
			files = (
				66D263E42062A822000648A2 /* LaunchScreen.storyboard in Resources */,
				66D263E12062A822000648A2 /* Assets.xcassets in Resources */,
				66D263DF2062A822000648A2 /* Main.storyboard in Resources */,
			);
			runOnlyForDeploymentPostprocessing = 0;
		};
		66D263E82062A822000648A2 /* Resources */ = {
			isa = PBXResourcesBuildPhase;
			buildActionMask = 2147483647;
			files = (
			);
			runOnlyForDeploymentPostprocessing = 0;
		};
		66D263F32062A822000648A2 /* Resources */ = {
			isa = PBXResourcesBuildPhase;
			buildActionMask = 2147483647;
			files = (
			);
			runOnlyForDeploymentPostprocessing = 0;
		};
/* End PBXResourcesBuildPhase section */

/* Begin PBXShellScriptBuildPhase section */
		0C66492C432DEDCF220D1468 /* [CP] Embed Pods Frameworks */ = {
			isa = PBXShellScriptBuildPhase;
			buildActionMask = 2147483647;
			files = (
			);
			inputPaths = (
			);
			name = "[CP] Embed Pods Frameworks";
			outputPaths = (
			);
			runOnlyForDeploymentPostprocessing = 0;
			shellPath = /bin/sh;
			shellScript = "\"${SRCROOT}/Pods/Target Support Files/Pods-my-appTests/Pods-my-appTests-frameworks.sh\"\n";
			showEnvVarsInLog = 0;
		};
		1B578EE4EE9E4C25FC1B0FBA /* [CP] Check Pods Manifest.lock */ = {
			isa = PBXShellScriptBuildPhase;
			buildActionMask = 2147483647;
			files = (
			);
			inputPaths = (
				"${PODS_PODFILE_DIR_PATH}/Podfile.lock",
				"${PODS_ROOT}/Manifest.lock",
			);
			name = "[CP] Check Pods Manifest.lock";
			outputPaths = (
				"$(DERIVED_FILE_DIR)/Pods-my-appTests-checkManifestLockResult.txt",
			);
			runOnlyForDeploymentPostprocessing = 0;
			shellPath = /bin/sh;
			shellScript = "diff \"${PODS_PODFILE_DIR_PATH}/Podfile.lock\" \"${PODS_ROOT}/Manifest.lock\" > /dev/null\nif [ $? != 0 ] ; then\n    # print error to STDERR\n    echo \"error: The sandbox is not in sync with the Podfile.lock. Run 'pod install' or update your CocoaPods installation.\" >&2\n    exit 1\nfi\n# This output is used by Xcode 'outputs' to avoid re-running this script phase.\necho \"SUCCESS\" > \"${SCRIPT_OUTPUT_FILE_0}\"\n";
			showEnvVarsInLog = 0;
		};
		28D5B1E30CFE7AE44AA77CCB /* [CP] Copy Pods Resources */ = {
			isa = PBXShellScriptBuildPhase;
			buildActionMask = 2147483647;
			files = (
			);
			inputPaths = (
			);
			name = "[CP] Copy Pods Resources";
			outputPaths = (
			);
			runOnlyForDeploymentPostprocessing = 0;
			shellPath = /bin/sh;
			shellScript = "\"${SRCROOT}/Pods/Target Support Files/Pods-my-app/Pods-my-app-resources.sh\"\n";
			showEnvVarsInLog = 0;
		};
		2B49414E4434BA4985639088 /* [CP] Copy Pods Resources */ = {
			isa = PBXShellScriptBuildPhase;
			buildActionMask = 2147483647;
			files = (
			);
			inputPaths = (
			);
			name = "[CP] Copy Pods Resources";
			outputPaths = (
			);
			runOnlyForDeploymentPostprocessing = 0;
			shellPath = /bin/sh;
			shellScript = "\"${SRCROOT}/Pods/Target Support Files/Pods-my-appUITests/Pods-my-appUITests-resources.sh\"\n";
			showEnvVarsInLog = 0;
		};
		300E40D46F3313BF559273AB /* [CP] Check Pods Manifest.lock */ = {
			isa = PBXShellScriptBuildPhase;
			buildActionMask = 2147483647;
			files = (
			);
			inputPaths = (
				"${PODS_PODFILE_DIR_PATH}/Podfile.lock",
				"${PODS_ROOT}/Manifest.lock",
			);
			name = "[CP] Check Pods Manifest.lock";
			outputPaths = (
				"$(DERIVED_FILE_DIR)/Pods-my-app-checkManifestLockResult.txt",
			);
			runOnlyForDeploymentPostprocessing = 0;
			shellPath = /bin/sh;
			shellScript = "diff \"${PODS_PODFILE_DIR_PATH}/Podfile.lock\" \"${PODS_ROOT}/Manifest.lock\" > /dev/null\nif [ $? != 0 ] ; then\n    # print error to STDERR\n    echo \"error: The sandbox is not in sync with the Podfile.lock. Run 'pod install' or update your CocoaPods installation.\" >&2\n    exit 1\nfi\n# This output is used by Xcode 'outputs' to avoid re-running this script phase.\necho \"SUCCESS\" > \"${SCRIPT_OUTPUT_FILE_0}\"\n";
			showEnvVarsInLog = 0;
		};
		70EEBEA64F04A75754086365 /* [CP] Embed Pods Frameworks */ = {
			isa = PBXShellScriptBuildPhase;
			buildActionMask = 2147483647;
			files = (
			);
			inputPaths = (
			);
			name = "[CP] Embed Pods Frameworks";
			outputPaths = (
			);
			runOnlyForDeploymentPostprocessing = 0;
			shellPath = /bin/sh;
			shellScript = "\"${SRCROOT}/Pods/Target Support Files/Pods-my-appUITests/Pods-my-appUITests-frameworks.sh\"\n";
			showEnvVarsInLog = 0;
		};
		A4D8DFBD04C64424A8468092 /* [CP] Check Pods Manifest.lock */ = {
			isa = PBXShellScriptBuildPhase;
			buildActionMask = 2147483647;
			files = (
			);
			inputPaths = (
				"${PODS_PODFILE_DIR_PATH}/Podfile.lock",
				"${PODS_ROOT}/Manifest.lock",
			);
			name = "[CP] Check Pods Manifest.lock";
			outputPaths = (
				"$(DERIVED_FILE_DIR)/Pods-my-appUITests-checkManifestLockResult.txt",
			);
			runOnlyForDeploymentPostprocessing = 0;
			shellPath = /bin/sh;
			shellScript = "diff \"${PODS_PODFILE_DIR_PATH}/Podfile.lock\" \"${PODS_ROOT}/Manifest.lock\" > /dev/null\nif [ $? != 0 ] ; then\n    # print error to STDERR\n    echo \"error: The sandbox is not in sync with the Podfile.lock. Run 'pod install' or update your CocoaPods installation.\" >&2\n    exit 1\nfi\n# This output is used by Xcode 'outputs' to avoid re-running this script phase.\necho \"SUCCESS\" > \"${SCRIPT_OUTPUT_FILE_0}\"\n";
			showEnvVarsInLog = 0;
		};
		DE6E3B2DEB85CB71D7B8B9D9 /* [CP] Copy Pods Resources */ = {
			isa = PBXShellScriptBuildPhase;
			buildActionMask = 2147483647;
			files = (
			);
			inputPaths = (
			);
			name = "[CP] Copy Pods Resources";
			outputPaths = (
			);
			runOnlyForDeploymentPostprocessing = 0;
			shellPath = /bin/sh;
			shellScript = "\"${SRCROOT}/Pods/Target Support Files/Pods-my-appTests/Pods-my-appTests-resources.sh\"\n";
			showEnvVarsInLog = 0;
		};
		E344F4BBF10FEF133C9E8675 /* [CP] Embed Pods Frameworks */ = {
			isa = PBXShellScriptBuildPhase;
			buildActionMask = 2147483647;
			files = (
			);
			inputPaths = (
				"${SRCROOT}/Pods/Target Support Files/Pods-my-app/Pods-my-app-frameworks.sh",
				"${BUILT_PRODUCTS_DIR}/Alamofire/Alamofire.framework",
				"${BUILT_PRODUCTS_DIR}/AlpsSDK/AlpsSDK.framework",
				"${BUILT_PRODUCTS_DIR}/Starscream/Starscream.framework",
			);
			name = "[CP] Embed Pods Frameworks";
			outputPaths = (
				"${TARGET_BUILD_DIR}/${FRAMEWORKS_FOLDER_PATH}/Alamofire.framework",
				"${TARGET_BUILD_DIR}/${FRAMEWORKS_FOLDER_PATH}/AlpsSDK.framework",
				"${TARGET_BUILD_DIR}/${FRAMEWORKS_FOLDER_PATH}/Starscream.framework",
			);
			runOnlyForDeploymentPostprocessing = 0;
			shellPath = /bin/sh;
			shellScript = "\"${SRCROOT}/Pods/Target Support Files/Pods-my-app/Pods-my-app-frameworks.sh\"\n";
			showEnvVarsInLog = 0;
		};
/* End PBXShellScriptBuildPhase section */

/* Begin PBXSourcesBuildPhase section */
		66D263D22062A822000648A2 /* Sources */ = {
			isa = PBXSourcesBuildPhase;
			buildActionMask = 2147483647;
			files = (
				66D263DC2062A822000648A2 /* ViewController.swift in Sources */,
				66D263DA2062A822000648A2 /* AppDelegate.swift in Sources */,
			);
			runOnlyForDeploymentPostprocessing = 0;
		};
		66D263E62062A822000648A2 /* Sources */ = {
			isa = PBXSourcesBuildPhase;
			buildActionMask = 2147483647;
			files = (
				66D263EF2062A822000648A2 /* my_appTests.swift in Sources */,
			);
			runOnlyForDeploymentPostprocessing = 0;
		};
		66D263F12062A822000648A2 /* Sources */ = {
			isa = PBXSourcesBuildPhase;
			buildActionMask = 2147483647;
			files = (
				66D263FA2062A822000648A2 /* my_appUITests.swift in Sources */,
			);
			runOnlyForDeploymentPostprocessing = 0;
		};
/* End PBXSourcesBuildPhase section */

/* Begin PBXTargetDependency section */
		66D263EC2062A822000648A2 /* PBXTargetDependency */ = {
			isa = PBXTargetDependency;
			target = 66D263D52062A822000648A2 /* my-app */;
			targetProxy = 66D263EB2062A822000648A2 /* PBXContainerItemProxy */;
		};
		66D263F72062A822000648A2 /* PBXTargetDependency */ = {
			isa = PBXTargetDependency;
			target = 66D263D52062A822000648A2 /* my-app */;
			targetProxy = 66D263F62062A822000648A2 /* PBXContainerItemProxy */;
		};
/* End PBXTargetDependency section */

/* Begin PBXVariantGroup section */
		66D263DD2062A822000648A2 /* Main.storyboard */ = {
			isa = PBXVariantGroup;
			children = (
				66D263DE2062A822000648A2 /* Base */,
			);
			name = Main.storyboard;
			sourceTree = "<group>";
		};
		66D263E22062A822000648A2 /* LaunchScreen.storyboard */ = {
			isa = PBXVariantGroup;
			children = (
				66D263E32062A822000648A2 /* Base */,
			);
			name = LaunchScreen.storyboard;
			sourceTree = "<group>";
		};
/* End PBXVariantGroup section */

/* Begin XCBuildConfiguration section */
		66D263FC2062A822000648A2 /* Debug */ = {
			isa = XCBuildConfiguration;
			buildSettings = {
				ALWAYS_SEARCH_USER_PATHS = NO;
				CLANG_ANALYZER_NONNULL = YES;
				CLANG_ANALYZER_NUMBER_OBJECT_CONVERSION = YES_AGGRESSIVE;
				CLANG_CXX_LANGUAGE_STANDARD = "gnu++14";
				CLANG_CXX_LIBRARY = "libc++";
				CLANG_ENABLE_MODULES = YES;
				CLANG_ENABLE_OBJC_ARC = YES;
				CLANG_WARN_BLOCK_CAPTURE_AUTORELEASING = YES;
				CLANG_WARN_BOOL_CONVERSION = YES;
				CLANG_WARN_COMMA = YES;
				CLANG_WARN_CONSTANT_CONVERSION = YES;
				CLANG_WARN_DIRECT_OBJC_ISA_USAGE = YES_ERROR;
				CLANG_WARN_DOCUMENTATION_COMMENTS = YES;
				CLANG_WARN_EMPTY_BODY = YES;
				CLANG_WARN_ENUM_CONVERSION = YES;
				CLANG_WARN_INFINITE_RECURSION = YES;
				CLANG_WARN_INT_CONVERSION = YES;
				CLANG_WARN_NON_LITERAL_NULL_CONVERSION = YES;
				CLANG_WARN_OBJC_LITERAL_CONVERSION = YES;
				CLANG_WARN_OBJC_ROOT_CLASS = YES_ERROR;
				CLANG_WARN_RANGE_LOOP_ANALYSIS = YES;
				CLANG_WARN_STRICT_PROTOTYPES = YES;
				CLANG_WARN_SUSPICIOUS_MOVE = YES;
				CLANG_WARN_UNGUARDED_AVAILABILITY = YES_AGGRESSIVE;
				CLANG_WARN_UNREACHABLE_CODE = YES;
				CLANG_WARN__DUPLICATE_METHOD_MATCH = YES;
				CODE_SIGN_IDENTITY = "iPhone Developer";
				COPY_PHASE_STRIP = NO;
				DEBUG_INFORMATION_FORMAT = dwarf;
				ENABLE_STRICT_OBJC_MSGSEND = YES;
				ENABLE_TESTABILITY = YES;
				GCC_C_LANGUAGE_STANDARD = gnu11;
				GCC_DYNAMIC_NO_PIC = NO;
				GCC_NO_COMMON_BLOCKS = YES;
				GCC_OPTIMIZATION_LEVEL = 0;
				GCC_PREPROCESSOR_DEFINITIONS = (
					"DEBUG=1",
					"$(inherited)",
				);
				GCC_WARN_64_TO_32_BIT_CONVERSION = YES;
				GCC_WARN_ABOUT_RETURN_TYPE = YES_ERROR;
				GCC_WARN_UNDECLARED_SELECTOR = YES;
				GCC_WARN_UNINITIALIZED_AUTOS = YES_AGGRESSIVE;
				GCC_WARN_UNUSED_FUNCTION = YES;
				GCC_WARN_UNUSED_VARIABLE = YES;
				IPHONEOS_DEPLOYMENT_TARGET = 11.2;
				MTL_ENABLE_DEBUG_INFO = YES;
				ONLY_ACTIVE_ARCH = YES;
				SDKROOT = iphoneos;
				SWIFT_ACTIVE_COMPILATION_CONDITIONS = DEBUG;
				SWIFT_OPTIMIZATION_LEVEL = "-Onone";
			};
			name = Debug;
		};
		66D263FD2062A822000648A2 /* Release */ = {
			isa = XCBuildConfiguration;
			buildSettings = {
				ALWAYS_SEARCH_USER_PATHS = NO;
				CLANG_ANALYZER_NONNULL = YES;
				CLANG_ANALYZER_NUMBER_OBJECT_CONVERSION = YES_AGGRESSIVE;
				CLANG_CXX_LANGUAGE_STANDARD = "gnu++14";
				CLANG_CXX_LIBRARY = "libc++";
				CLANG_ENABLE_MODULES = YES;
				CLANG_ENABLE_OBJC_ARC = YES;
				CLANG_WARN_BLOCK_CAPTURE_AUTORELEASING = YES;
				CLANG_WARN_BOOL_CONVERSION = YES;
				CLANG_WARN_COMMA = YES;
				CLANG_WARN_CONSTANT_CONVERSION = YES;
				CLANG_WARN_DIRECT_OBJC_ISA_USAGE = YES_ERROR;
				CLANG_WARN_DOCUMENTATION_COMMENTS = YES;
				CLANG_WARN_EMPTY_BODY = YES;
				CLANG_WARN_ENUM_CONVERSION = YES;
				CLANG_WARN_INFINITE_RECURSION = YES;
				CLANG_WARN_INT_CONVERSION = YES;
				CLANG_WARN_NON_LITERAL_NULL_CONVERSION = YES;
				CLANG_WARN_OBJC_LITERAL_CONVERSION = YES;
				CLANG_WARN_OBJC_ROOT_CLASS = YES_ERROR;
				CLANG_WARN_RANGE_LOOP_ANALYSIS = YES;
				CLANG_WARN_STRICT_PROTOTYPES = YES;
				CLANG_WARN_SUSPICIOUS_MOVE = YES;
				CLANG_WARN_UNGUARDED_AVAILABILITY = YES_AGGRESSIVE;
				CLANG_WARN_UNREACHABLE_CODE = YES;
				CLANG_WARN__DUPLICATE_METHOD_MATCH = YES;
				CODE_SIGN_IDENTITY = "iPhone Developer";
				COPY_PHASE_STRIP = NO;
				DEBUG_INFORMATION_FORMAT = "dwarf-with-dsym";
				ENABLE_NS_ASSERTIONS = NO;
				ENABLE_STRICT_OBJC_MSGSEND = YES;
				GCC_C_LANGUAGE_STANDARD = gnu11;
				GCC_NO_COMMON_BLOCKS = YES;
				GCC_WARN_64_TO_32_BIT_CONVERSION = YES;
				GCC_WARN_ABOUT_RETURN_TYPE = YES_ERROR;
				GCC_WARN_UNDECLARED_SELECTOR = YES;
				GCC_WARN_UNINITIALIZED_AUTOS = YES_AGGRESSIVE;
				GCC_WARN_UNUSED_FUNCTION = YES;
				GCC_WARN_UNUSED_VARIABLE = YES;
				IPHONEOS_DEPLOYMENT_TARGET = 11.2;
				MTL_ENABLE_DEBUG_INFO = NO;
				SDKROOT = iphoneos;
				SWIFT_OPTIMIZATION_LEVEL = "-Owholemodule";
				VALIDATE_PRODUCT = YES;
			};
			name = Release;
		};
		66D263FF2062A822000648A2 /* Debug */ = {
			isa = XCBuildConfiguration;
			baseConfigurationReference = 631FE1C1D7A11E9ADD30393C /* Pods-my-app.debug.xcconfig */;
			buildSettings = {
				ASSETCATALOG_COMPILER_APPICON_NAME = AppIcon;
				CODE_SIGN_STYLE = Automatic;
				INFOPLIST_FILE = "my-app/Info.plist";
				LD_RUNPATH_SEARCH_PATHS = "$(inherited) @executable_path/Frameworks";
				PRODUCT_BUNDLE_IDENTIFIER = "matchmore.my-app";
				PRODUCT_NAME = "$(TARGET_NAME)";
				SWIFT_VERSION = 4.0;
				TARGETED_DEVICE_FAMILY = "1,2";
			};
			name = Debug;
		};
		66D264002062A822000648A2 /* Release */ = {
			isa = XCBuildConfiguration;
			baseConfigurationReference = 1C6CD2851E59F3A8F4768AE8 /* Pods-my-app.release.xcconfig */;
			buildSettings = {
				ASSETCATALOG_COMPILER_APPICON_NAME = AppIcon;
				CODE_SIGN_STYLE = Automatic;
				INFOPLIST_FILE = "my-app/Info.plist";
				LD_RUNPATH_SEARCH_PATHS = "$(inherited) @executable_path/Frameworks";
				PRODUCT_BUNDLE_IDENTIFIER = "matchmore.my-app";
				PRODUCT_NAME = "$(TARGET_NAME)";
				SWIFT_VERSION = 4.0;
				TARGETED_DEVICE_FAMILY = "1,2";
			};
			name = Release;
		};
		66D264022062A822000648A2 /* Debug */ = {
			isa = XCBuildConfiguration;
			baseConfigurationReference = E2F551FDE5B3BEC11EFD11E0 /* Pods-my-appTests.debug.xcconfig */;
			buildSettings = {
				ALWAYS_EMBED_SWIFT_STANDARD_LIBRARIES = YES;
				BUNDLE_LOADER = "$(TEST_HOST)";
				CODE_SIGN_STYLE = Automatic;
				INFOPLIST_FILE = "my-appTests/Info.plist";
				LD_RUNPATH_SEARCH_PATHS = "$(inherited) @executable_path/Frameworks @loader_path/Frameworks";
				PRODUCT_BUNDLE_IDENTIFIER = "matchmore.my-appTests";
				PRODUCT_NAME = "$(TARGET_NAME)";
				SWIFT_VERSION = 4.0;
				TARGETED_DEVICE_FAMILY = "1,2";
				TEST_HOST = "$(BUILT_PRODUCTS_DIR)/my-app.app/my-app";
			};
			name = Debug;
		};
		66D264032062A822000648A2 /* Release */ = {
			isa = XCBuildConfiguration;
			baseConfigurationReference = A1A17CF78C07F32B72A2E029 /* Pods-my-appTests.release.xcconfig */;
			buildSettings = {
				ALWAYS_EMBED_SWIFT_STANDARD_LIBRARIES = YES;
				BUNDLE_LOADER = "$(TEST_HOST)";
				CODE_SIGN_STYLE = Automatic;
				INFOPLIST_FILE = "my-appTests/Info.plist";
				LD_RUNPATH_SEARCH_PATHS = "$(inherited) @executable_path/Frameworks @loader_path/Frameworks";
				PRODUCT_BUNDLE_IDENTIFIER = "matchmore.my-appTests";
				PRODUCT_NAME = "$(TARGET_NAME)";
				SWIFT_VERSION = 4.0;
				TARGETED_DEVICE_FAMILY = "1,2";
				TEST_HOST = "$(BUILT_PRODUCTS_DIR)/my-app.app/my-app";
			};
			name = Release;
		};
		66D264052062A822000648A2 /* Debug */ = {
			isa = XCBuildConfiguration;
			baseConfigurationReference = D17575D131BE61547218196C /* Pods-my-appUITests.debug.xcconfig */;
			buildSettings = {
				ALWAYS_EMBED_SWIFT_STANDARD_LIBRARIES = YES;
				CODE_SIGN_STYLE = Automatic;
				INFOPLIST_FILE = "my-appUITests/Info.plist";
				LD_RUNPATH_SEARCH_PATHS = "$(inherited) @executable_path/Frameworks @loader_path/Frameworks";
				PRODUCT_BUNDLE_IDENTIFIER = "matchmore.my-appUITests";
				PRODUCT_NAME = "$(TARGET_NAME)";
				SWIFT_VERSION = 4.0;
				TARGETED_DEVICE_FAMILY = "1,2";
				TEST_TARGET_NAME = "my-app";
			};
			name = Debug;
		};
		66D264062062A822000648A2 /* Release */ = {
			isa = XCBuildConfiguration;
			baseConfigurationReference = 392174BA468B6638F73E3EF2 /* Pods-my-appUITests.release.xcconfig */;
			buildSettings = {
				ALWAYS_EMBED_SWIFT_STANDARD_LIBRARIES = YES;
				CODE_SIGN_STYLE = Automatic;
				INFOPLIST_FILE = "my-appUITests/Info.plist";
				LD_RUNPATH_SEARCH_PATHS = "$(inherited) @executable_path/Frameworks @loader_path/Frameworks";
				PRODUCT_BUNDLE_IDENTIFIER = "matchmore.my-appUITests";
				PRODUCT_NAME = "$(TARGET_NAME)";
				SWIFT_VERSION = 4.0;
				TARGETED_DEVICE_FAMILY = "1,2";
				TEST_TARGET_NAME = "my-app";
			};
			name = Release;
		};
/* End XCBuildConfiguration section */

/* Begin XCConfigurationList section */
		66D263D12062A822000648A2 /* Build configuration list for PBXProject "my-app" */ = {
			isa = XCConfigurationList;
			buildConfigurations = (
				66D263FC2062A822000648A2 /* Debug */,
				66D263FD2062A822000648A2 /* Release */,
			);
			defaultConfigurationIsVisible = 0;
			defaultConfigurationName = Release;
		};
		66D263FE2062A822000648A2 /* Build configuration list for PBXNativeTarget "my-app" */ = {
			isa = XCConfigurationList;
			buildConfigurations = (
				66D263FF2062A822000648A2 /* Debug */,
				66D264002062A822000648A2 /* Release */,
			);
			defaultConfigurationIsVisible = 0;
			defaultConfigurationName = Release;
		};
		66D264012062A822000648A2 /* Build configuration list for PBXNativeTarget "my-appTests" */ = {
			isa = XCConfigurationList;
			buildConfigurations = (
				66D264022062A822000648A2 /* Debug */,
				66D264032062A822000648A2 /* Release */,
			);
			defaultConfigurationIsVisible = 0;
			defaultConfigurationName = Release;
		};
		66D264042062A822000648A2 /* Build configuration list for PBXNativeTarget "my-appUITests" */ = {
			isa = XCConfigurationList;
			buildConfigurations = (
				66D264052062A822000648A2 /* Debug */,
				66D264062062A822000648A2 /* Release */,
			);
			defaultConfigurationIsVisible = 0;
			defaultConfigurationName = Release;
		};
/* End XCConfigurationList section */
	};
	rootObject = 66D263CE2062A822000648A2 /* Project object */;
}
